Microsoft Visual Studio Solution File, Format Version 12.00
# Visual Studio Version 17
VisualStudioVersion = 17.5.2.0
MinimumVisualStudioVersion = 10.0.40219.1
Project("{FAE04EC0-301F-11D3-BF4B-00C04F79EFBC}") = "Fall2025-Project2-Loswald", "Fall2025-Project2-Loswald.csproj", "{1C98AFF9-F22A-22EF-DDB9-2D6DFF2D5937}"
EndProject
Global
	GlobalSection(SolutionConfigurationPlatforms) = preSolution
		Debug|Any CPU = Debug|Any CPU
		Release|Any CPU = Release|Any CPU
	EndGlobalSection
	GlobalSection(ProjectConfigurationPlatforms) = postSolution
		{1C98AFF9-F22A-22EF-DDB9-2D6DFF2D5937}.Debug|Any CPU.ActiveCfg = Debug|Any CPU
		{1C98AFF9-F22A-22EF-DDB9-2D6DFF2D5937}.Debug|Any CPU.Build.0 = Debug|Any CPU
		{1C98AFF9-F22A-22EF-DDB9-2D6DFF2D5937}.Release|Any CPU.ActiveCfg = Release|Any CPU
		{1C98AFF9-F22A-22EF-DDB9-2D6DFF2D5937}.Release|Any CPU.Build.0 = Release|Any CPU
	EndGlobalSection
	GlobalSection(SolutionProperties) = preSolution
		HideSolutionNode = FALSE
	EndGlobalSection
	GlobalSection(ExtensibilityGlobals) = postSolution
		SolutionGuid = {00BDAA4B-E8C9-4708-BB23-62797DDEE5AC}
	EndGlobalSection
EndGlobal
